{
  "name": "@zenobank/root",
  "version": "1.0.0",
  "lockfileVersion": 3,
  "requires": true,
  "packages": {
    "": {
      "name": "@zenobank/root",
      "version": "1.0.0",
      "workspaces": [
        "god-panel",
        "u1-novapay",
        "u2-picbank",
        "u3-cyberbank",
        "u4-astutobank",
        "u5-ironvault",
        "u6-twinbank",
        "u7-galactibank",
        "u8-swiftbank",
        "u9-basicbank",
        "u10-elephantbank",
        "u11-herobank",
        "u12-zenbank",
        "infra/kafka-bus",
        "infra/auth-global",
        "infra/observability",
        "infra/compliance"
      ],
      "devDependencies": {
        "husky": "^9.1.7"
      },
      "engines": {
        "node": ">=20.0.0",
        "npm": ">=10.0.0"
      }
    },
    "god-panel": {
      "name": "@zenobank/god-panel",
      "version": "1.0.0"
    },
    "infra/auth-global": {
      "name": "@zenobank/auth-global",
      "version": "1.0.0"
    },
    "infra/compliance": {
      "name": "@zenobank/compliance",
      "version": "1.0.0"
    },
    "infra/kafka-bus": {
      "name": "@zenobank/kafka-bus",
      "version": "1.0.0"
    },
    "infra/observability": {
      "name": "@zenobank/observability",
      "version": "1.0.0"
    },
    "node_modules/@zenobank/auth-global": {
      "resolved": "infra/auth-global",
      "link": true
    },
    "node_modules/@zenobank/compliance": {
      "resolved": "infra/compliance",
      "link": true
    },
    "node_modules/@zenobank/god-panel": {
      "resolved": "god-panel",
      "link": true
    },
    "node_modules/@zenobank/kafka-bus": {
      "resolved": "infra/kafka-bus",
      "link": true
    },
    "node_modules/@zenobank/observability": {
      "resolved": "infra/observability",
      "link": true
    },
    "node_modules/@zenobank/u1-novapay": {
      "resolved": "u1-novapay",
      "link": true
    },
    "node_modules/@zenobank/u10-elephantbank": {
      "resolved": "u10-elephantbank",
      "link": true
    },
    "node_modules/@zenobank/u11-herobank": {
      "resolved": "u11-herobank",
      "link": true
    },
    "node_modules/@zenobank/u12-zenbank": {
      "resolved": "u12-zenbank",
      "link": true
    },
    "node_modules/@zenobank/u2-picbank": {
      "resolved": "u2-picbank",
      "link": true
    },
    "node_modules/@zenobank/u3-cyberbank": {
      "resolved": "u3-cyberbank",
      "link": true
    },
    "node_modules/@zenobank/u4-astutobank": {
      "resolved": "u4-astutobank",
      "link": true
    },
    "node_modules/@zenobank/u5-ironvault": {
      "resolved": "u5-ironvault",
      "link": true
    },
    "node_modules/@zenobank/u6-twinbank": {
      "resolved": "u6-twinbank",
      "link": true
    },
    "node_modules/@zenobank/u7-galactibank": {
      "resolved": "u7-galactibank",
      "link": true
    },
    "node_modules/@zenobank/u8-swiftbank": {
      "resolved": "u8-swiftbank",
      "link": true
    },
    "node_modules/@zenobank/u9-basicbank": {
      "resolved": "u9-basicbank",
      "link": true
    },
    "node_modules/husky": {
      "version": "9.1.7",
      "resolved": "https://registry.npmjs.org/husky/-/husky-9.1.7.tgz",
      "integrity": "sha512-5gs5ytaNjBrh5Ow3zrvdUUY+0VxIuWVL4i9irt6friV+BqdCfmV11CQTWMiBYWHbXhco+J1kHfTOUkePhCDvMA==",
      "dev": true,
      "license": "MIT",
      "bin": {
        "husky": "bin.js"
      },
      "engines": {
        "node": ">=18"
      },
      "funding": {
        "url": "https://github.com/sponsors/typicode"
      }
    },
    "u1-novapay": {
      "name": "@zenobank/u1-novapay",
      "version": "1.0.0"
    },
    "u10-elephantbank": {
      "name": "@zenobank/u10-elephantbank",
      "version": "1.0.0"
    },
    "u11-herobank": {
      "name": "@zenobank/u11-herobank",
      "version": "1.0.0"
    },
    "u12-zenbank": {
      "name": "@zenobank/u12-zenbank",
      "version": "1.0.0"
    },
    "u2-picbank": {
      "name": "@zenobank/u2-picbank",
      "version": "1.0.0"
    },
    "u3-cyberbank": {
      "name": "@zenobank/u3-cyberbank",
      "version": "1.0.0"
    },
    "u4-astutobank": {
      "name": "@zenobank/u4-astutobank",
      "version": "1.0.0"
    },
    "u5-ironvault": {
      "name": "@zenobank/u5-ironvault",
      "version": "1.0.0"
    },
    "u6-twinbank": {
      "name": "@zenobank/u6-twinbank",
      "version": "1.0.0"
    },
    "u7-galactibank": {
      "name": "@zenobank/u7-galactibank",
      "version": "1.0.0"
    },
    "u8-swiftbank": {
      "name": "@zenobank/u8-swiftbank",
      "version": "1.0.0"
    },
    "u9-basicbank": {
      "name": "@zenobank/u9-basicbank",
      "version": "1.0.0"
    }
  }
}
